
Microsoft Visual Studio Solution File, Format Version 12.00
# Visual Studio 2012
Project("{FAE04EC0-301F-11D3-BF4B-00C04F79EFBC}") = "student", "student\student.csproj", "{37222126-3087-423F-8693-2299FE13FF4B}"
EndProject
Global
	GlobalSection(SolutionConfigurationPlatforms) = preSolution
		Debug|x86 = Debug|x86
		Release|x86 = Release|x86
	EndGlobalSection
	GlobalSection(ProjectConfigurationPlatforms) = postSolution
		{37222126-3087-423F-8693-2299FE13FF4B}.Debug|x86.ActiveCfg = Debug|x86
		{37222126-3087-423F-8693-2299FE13FF4B}.Debug|x86.Build.0 = Debug|x86
		{37222126-3087-423F-8693-2299FE13FF4B}.Release|x86.ActiveCfg = Release|x86
		{37222126-3087-423F-8693-2299FE13FF4B}.Release|x86.Build.0 = Release|x86
	EndGlobalSection
EndGlobal
